# THIS IS AN AUTOGENERATED FILE. DO NOT EDIT THIS FILE DIRECTLY.
# yarn lockfile v1


acorn@^4.0.3:
  version "4.0.13"
  resolved "https://registry.yarnpkg.com/acorn/-/acorn-4.0.13.tgz#105495ae5361d697bd195c825192e1ad7f253787"

array-source@0.0:
  version "0.0.3"
  resolved "https://registry.yarnpkg.com/array-source/-/array-source-0.0.3.tgz#6ee635763c4fb4cd9990f876321cb29e6d7dded1"

commander@2, commander@^2.9.0:
  version "2.9.0"
  resolved "https://registry.yarnpkg.com/commander/-/commander-2.9.0.tgz#9c99094176e12240cb22d6c5146098400fe0f7d4"
  dependencies:
    graceful-readlink ">= 1.0.0"

d3-array@1:
  version "1.2.0"
  resolved "https://registry.yarnpkg.com/d3-array/-/d3-array-1.2.0.tgz#147d269720e174c4057a7f42be8b0f3f2ba53108"

d3-dsv@^1.0.3:
  version "1.0.5"
  resolved "https://registry.yarnpkg.com/d3-dsv/-/d3-dsv-1.0.5.tgz#419f7db47f628789fc3fdb636e678449d0821136"
  dependencies:
    commander "2"
    iconv-lite "0.4"
    rw "1"

d3-geo-projection@^2.0.1:
  version "2.1.2"
  resolved "https://registry.yarnpkg.com/d3-geo-projection/-/d3-geo-projection-2.1.2.tgz#7df8e1e9d046d631c6509f7e531357d4adc24aa3"
  dependencies:
    commander "2"
    d3-array "1"
    d3-geo "^1.1.0"

d3-geo@^1.1.0:
  version "1.6.4"
  resolved "https://registry.yarnpkg.com/d3-geo/-/d3-geo-1.6.4.tgz#f20e1e461cb1845f5a8be55ab6f876542a7e3199"
  dependencies:
    d3-array "1"

file-source@0.6:
  version "0.6.1"
  resolved "https://registry.yarnpkg.com/file-source/-/file-source-0.6.1.tgz#ae189d4993766b865a77f83adcf9b9a504cd37dc"
  dependencies:
    stream-source "0.3"

"graceful-readlink@>= 1.0.0":
  version "1.0.1"
  resolved "https://registry.yarnpkg.com/graceful-readlink/-/graceful-readlink-1.0.1.tgz#4cafad76bc62f02fa039b2f94e9a3dd3a391a725"

iconv-lite@0.4:
  version "0.4.17"
  resolved "https://registry.yarnpkg.com/iconv-lite/-/iconv-lite-0.4.17.tgz#4fdaa3b38acbc2c031b045d0edcdfe1ecab18c8d"

ndjson-cli@^0.3.0:
  version "0.3.0"
  resolved "https://registry.yarnpkg.com/ndjson-cli/-/ndjson-cli-0.3.0.tgz#97a85483c47fa9869d282e4df9ac0a7d1db657d9"
  dependencies:
    acorn "^4.0.3"
    commander "^2.9.0"
    resolve "^1.1.7"

path-parse@^1.0.5:
  version "1.0.5"
  resolved "https://registry.yarnpkg.com/path-parse/-/path-parse-1.0.5.tgz#3c1adf871ea9cd6c9431b6ea2bd74a0ff055c4c1"

path-source@0.1:
  version "0.1.2"
  resolved "https://registry.yarnpkg.com/path-source/-/path-source-0.1.2.tgz#c5a26c44fb92cd32b930e8e49b1fe5750f2ca70b"
  dependencies:
    array-source "0.0"
    file-source "0.6"

resolve@^1.1.7:
  version "1.3.3"
  resolved "https://registry.yarnpkg.com/resolve/-/resolve-1.3.3.tgz#655907c3469a8680dc2de3a275a8fdd69691f0e5"
  dependencies:
    path-parse "^1.0.5"

rw@1:
  version "1.3.3"
  resolved "https://registry.yarnpkg.com/rw/-/rw-1.3.3.tgz#3f862dfa91ab766b14885ef4d01124bfda074fb4"

shapefile@^0.6.1:
  version "0.6.2"
  resolved "https://registry.yarnpkg.com/shapefile/-/shapefile-0.6.2.tgz#3e232674290234a6474b6ccaca8899a796fe98ed"
  dependencies:
    array-source "0.0"
    commander "2"
    path-source "0.1"
    slice-source "0.4"
    stream-source "0.3"
    text-encoding "0.6.1"

slice-source@0.4:
  version "0.4.1"
  resolved "https://registry.yarnpkg.com/slice-source/-/slice-source-0.4.1.tgz#40a57ac03c6668b5da200e05378e000bf2a61d79"

stream-source@0.3:
  version "0.3.4"
  resolved "https://registry.yarnpkg.com/stream-source/-/stream-source-0.3.4.tgz#0427c1fb128b0bd2d884d868dcc894208f9bda3b"

text-encoding@0.6.1:
  version "0.6.1"
  resolved "https://registry.yarnpkg.com/text-encoding/-/text-encoding-0.6.1.tgz#4de1130e61d50dd867040428aa15656efddcb1c8"

topojson-client@3, topojson-client@^3.0.0:
  version "3.0.0"
  resolved "https://registry.yarnpkg.com/topojson-client/-/topojson-client-3.0.0.tgz#1f99293a77ef42a448d032a81aa982b73f360d2f"
  dependencies:
    commander "2"

topojson-server@^3.0.0:
  version "3.0.0"
  resolved "https://registry.yarnpkg.com/topojson-server/-/topojson-server-3.0.0.tgz#378e78e87c3972a7b5be2c5d604369b6bae69c5e"
  dependencies:
    commander "2"

topojson-simplify@^3.0.0:
  version "3.0.1"
  resolved "https://registry.yarnpkg.com/topojson-simplify/-/topojson-simplify-3.0.1.tgz#bd631938f405d283c8d846e5c1fad4085699ad51"
  dependencies:
    commander "2"
    topojson-client "3"
